
Microsoft Visual Studio Solution File, Format Version 12.00
# Visual Studio 15
VisualStudioVersion = 15.0.27130.2027
MinimumVisualStudioVersion = 10.0.40219.1
Project("{FAE04EC0-301F-11D3-BF4B-00C04F79EFBC}") = "HelloWorld", "HelloWorld.csproj", "{C6A28E0D-F7C1-450E-830A-BA6EC22C9823}"
EndProject
Global
	GlobalSection(SolutionConfigurationPlatforms) = preSolution
		Debug|Any CPU = Debug|Any CPU
		Release|Any CPU = Release|Any CPU
	EndGlobalSection
	GlobalSection(ProjectConfigurationPlatforms) = postSolution
		{C6A28E0D-F7C1-450E-830A-BA6EC22C9823}.Debug|Any CPU.ActiveCfg = Debug|Any CPU
		{C6A28E0D-F7C1-450E-830A-BA6EC22C9823}.Debug|Any CPU.Build.0 = Debug|Any CPU
		{C6A28E0D-F7C1-450E-830A-BA6EC22C9823}.Release|Any CPU.ActiveCfg = Release|Any CPU
		{C6A28E0D-F7C1-450E-830A-BA6EC22C9823}.Release|Any CPU.Build.0 = Release|Any CPU
	EndGlobalSection
	GlobalSection(SolutionProperties) = preSolution
		HideSolutionNode = FALSE
	EndGlobalSection
	GlobalSection(ExtensibilityGlobals) = postSolution
		SolutionGuid = {14C67532-D7DD-46AC-A5EC-BD950E525E8D}
	EndGlobalSection
EndGlobal
