
Microsoft Visual Studio Solution File, Format Version 12.00
# Visual Studio 15
VisualStudioVersion = 15.0.27130.2027
MinimumVisualStudioVersion = 10.0.40219.1
Project("{F2A71F9B-5D33-465A-A702-920D77279786}") = "HelloWorld", "HelloWorld\HelloWorld.fsproj", "{8C3A957F-978A-43DE-A902-0DBFBB36365E}"
EndProject
Global
	GlobalSection(SolutionConfigurationPlatforms) = preSolution
		Debug|Any CPU = Debug|Any CPU
		Release|Any CPU = Release|Any CPU
	EndGlobalSection
	GlobalSection(ProjectConfigurationPlatforms) = postSolution
		{8C3A957F-978A-43DE-A902-0DBFBB36365E}.Debug|Any CPU.ActiveCfg = Debug|Any CPU
		{8C3A957F-978A-43DE-A902-0DBFBB36365E}.Debug|Any CPU.Build.0 = Debug|Any CPU
		{8C3A957F-978A-43DE-A902-0DBFBB36365E}.Release|Any CPU.ActiveCfg = Release|Any CPU
		{8C3A957F-978A-43DE-A902-0DBFBB36365E}.Release|Any CPU.Build.0 = Release|Any CPU
	EndGlobalSection
	GlobalSection(SolutionProperties) = preSolution
		HideSolutionNode = FALSE
	EndGlobalSection
	GlobalSection(ExtensibilityGlobals) = postSolution
		SolutionGuid = {4F284D6B-6128-4670-B45B-41F2E1E3AF30}
	EndGlobalSection
EndGlobal
